
Microsoft Visual Studio Solution File, Format Version 12.00
# Visual Studio 15
VisualStudioVersion = 15.0.28307.438
MinimumVisualStudioVersion = 10.0.40219.1
Project("{FAE04EC0-301F-11D3-BF4B-00C04F79EFBC}") = "crudApp", "crudApp\crudApp.csproj", "{3DD2D8A7-5FD3-4897-8713-10F90A82C741}"
EndProject
Global
	GlobalSection(SolutionConfigurationPlatforms) = preSolution
		Debug|Any CPU = Debug|Any CPU
		Release|Any CPU = Release|Any CPU
	EndGlobalSection
	GlobalSection(ProjectConfigurationPlatforms) = postSolution
		{3DD2D8A7-5FD3-4897-8713-10F90A82C741}.Debug|Any CPU.ActiveCfg = Debug|Any CPU
		{3DD2D8A7-5FD3-4897-8713-10F90A82C741}.Debug|Any CPU.Build.0 = Debug|Any CPU
		{3DD2D8A7-5FD3-4897-8713-10F90A82C741}.Release|Any CPU.ActiveCfg = Release|Any CPU
		{3DD2D8A7-5FD3-4897-8713-10F90A82C741}.Release|Any CPU.Build.0 = Release|Any CPU
	EndGlobalSection
	GlobalSection(SolutionProperties) = preSolution
		HideSolutionNode = FALSE
	EndGlobalSection
	GlobalSection(ExtensibilityGlobals) = postSolution
		SolutionGuid = {7A77CB43-3D54-4FFB-B7B7-6C1B243C96CC}
	EndGlobalSection
EndGlobal
